Microsoft Visual Studio Solution File, Format Version 12.00
# Visual Studio Version 17
VisualStudioVersion = 17.5.2.0
MinimumVisualStudioVersion = 10.0.40219.1
Project("{FAE04EC0-301F-11D3-BF4B-00C04F79EFBC}") = "InkFlow", "InkFlow.csproj", "{2C3C5B3B-CD42-0250-FD22-A4BE2F5F3E75}"
EndProject
Global
	GlobalSection(SolutionConfigurationPlatforms) = preSolution
		Debug|Any CPU = Debug|Any CPU
		Release|Any CPU = Release|Any CPU
	EndGlobalSection
	GlobalSection(ProjectConfigurationPlatforms) = postSolution
		{2C3C5B3B-CD42-0250-FD22-A4BE2F5F3E75}.Debug|Any CPU.ActiveCfg = Debug|Any CPU
		{2C3C5B3B-CD42-0250-FD22-A4BE2F5F3E75}.Debug|Any CPU.Build.0 = Debug|Any CPU
		{2C3C5B3B-CD42-0250-FD22-A4BE2F5F3E75}.Release|Any CPU.ActiveCfg = Release|Any CPU
		{2C3C5B3B-CD42-0250-FD22-A4BE2F5F3E75}.Release|Any CPU.Build.0 = Release|Any CPU
	EndGlobalSection
	GlobalSection(SolutionProperties) = preSolution
		HideSolutionNode = FALSE
	EndGlobalSection
	GlobalSection(ExtensibilityGlobals) = postSolution
		SolutionGuid = {E0B79A99-12B5-462A-8E2E-94E72C790B96}
	EndGlobalSection
EndGlobal
